{
  "lockfileVersion": 1,
  "configVersion": 1,
  "workspaces": {
    "": {
      "name": "ege-takumi-render",
      "dependencies": {
        "react": "^19.0.0",
        "takumi-js": "^1.0.0",
      },
      "devDependencies": {
        "@types/bun": "latest",
        "@types/react": "^19.0.0",
      },
    },
  },
  "packages": {
    "@takumi-rs/core": ["@takumi-rs/core@1.8.6", "", { "dependencies": { "@takumi-rs/helpers": "1.8.6" }, "optionalDependencies": { "@takumi-rs/core-darwin-arm64": "1.8.6", "@takumi-rs/core-darwin-x64": "1.8.6", "@takumi-rs/core-linux-arm64-gnu": "1.8.6", "@takumi-rs/core-linux-arm64-musl": "1.8.6", "@takumi-rs/core-linux-x64-gnu": "1.8.6", "@takumi-rs/core-linux-x64-musl": "1.8.6", "@takumi-rs/core-win32-arm64-msvc": "1.8.6", "@takumi-rs/core-win32-x64-msvc": "1.8.6" } }, "sha512-U6m0WL/Ev17NgC5idwo2XSPWhQXakIaa8Ilfxwzo0DJsOVcmztLrO8CkedbhylAT2GS1OcY2luHCJOX3VIlg4w=="],

    "@takumi-rs/core-darwin-arm64": ["@takumi-rs/core-darwin-arm64@1.8.6", "", { "os": "darwin", "cpu": "arm64" }, "sha512-63boBeyOkyDsaYKvHTm4vKmWusO/TvLtDtN+Ne/eNMRnJARn+fo1xZBsKwdH/tjQNJxuXWzUfIvcMfPvS2Nnrg=="],

    "@takumi-rs/core-darwin-x64": ["@takumi-rs/core-darwin-x64@1.8.6", "", { "os": "darwin", "cpu": "x64" }, "sha512-rNJv3gtUH2eX7RlaS+Pk7/xyejv693kiiLroxYBRsWu0/pCXXZkOldKa05QIRj/201b5oWWzggN+uybKH8lfNg=="],

    "@takumi-rs/core-linux-arm64-gnu": ["@takumi-rs/core-linux-arm64-gnu@1.8.6", "", { "os": "linux", "cpu": "arm64" }, "sha512-oljLJauW7soIhlVMO5tfcyKzLz2PS+/+kXEXp/nXzOR0cOCdB9PfZCj5iYlcJFBZdYaprsl10hzE7rQbGCuKaQ=="],

    "@takumi-rs/core-linux-arm64-musl": ["@takumi-rs/core-linux-arm64-musl@1.8.6", "", { "os": "linux", "cpu": "arm64" }, "sha512-TFjZ7ABHVrJPMCMQJkshQgTr5XiUDxHRkrUy3nvtVUnPmORMKk/AX/uurXaq3Ok0+yUlAiGMah8ykLTz/74d/g=="],

    "@takumi-rs/core-linux-x64-gnu": ["@takumi-rs/core-linux-x64-gnu@1.8.6", "", { "os": "linux", "cpu": "x64" }, "sha512-KytnRn1PREMyM9KMyLw1gCjIvP0mhI5dXKF4VvtmM0H5edKDFNVMf4TQfSA+pUe+doX9mZwhaVWLRJHqZcpyeA=="],

    "@takumi-rs/core-linux-x64-musl": ["@takumi-rs/core-linux-x64-musl@1.8.6", "", { "os": "linux", "cpu": "x64" }, "sha512-sx3mHgyUsjPaAl0RxCDIGuoc5ZifRWti7rer/lTHw3AUeuZp1jCMmsQTU/eiC8rZMByP5S303zBz9JzmqQ8MmA=="],

    "@takumi-rs/core-win32-arm64-msvc": ["@takumi-rs/core-win32-arm64-msvc@1.8.6", "", { "os": "win32", "cpu": "arm64" }, "sha512-jZplWq1CVYi58r24jk2jypHqsfTK49aLZ51iHXf0HVTSfQHh0jp2/yfvf9FZi+8kJMOuN9q0OtnPfQe/ZcKA8A=="],

    "@takumi-rs/core-win32-x64-msvc": ["@takumi-rs/core-win32-x64-msvc@1.8.6", "", { "os": "win32", "cpu": "x64" }, "sha512-7UMP1aJzA/49eVQ6dNYhmUtJV3IirKO+wE+2cn/L3yjCXFMOJtCPiwbESQe5tJrW5X2pfH9WTDjWEE1QqG5wYg=="],

    "@takumi-rs/helpers": ["@takumi-rs/helpers@1.8.6", "", { "peerDependencies": { "react": "^19.2.5", "react-dom": "^18.0.0 || ^19.0.0" }, "optionalPeers": ["react", "react-dom"] }, "sha512-P/Vr26/FwPNuLxPGB5MfO2hxPh0hluqw7A8px6OG9gvku6H18gpR/CeqLGWiBvlU3HQFqoUKhQKKS7kcG8Fp8g=="],

    "@takumi-rs/wasm": ["@takumi-rs/wasm@1.8.6", "", { "dependencies": { "@takumi-rs/helpers": "1.8.6" } }, "sha512-E64ffSjAcEGHbPcHa7oI0J/FZQH6nvZxBLr/+Lohm0+o9ZRFnYqOwLQd+8d/pXh366ISkXYsRtSibPEiEWxEgg=="],

    "@types/bun": ["@types/bun@1.3.14", "", { "dependencies": { "bun-types": "1.3.14" } }, "sha512-h1hFqFVcvAvD9j9K7ZW7vd82aSA+rTdznZa+5bwvCwqSB1jmmfLcbIWhOLx1/+boy/xmjgCs/OMUL8hRJSmnPw=="],

    "@types/node": ["@types/node@25.9.3", "", { "dependencies": { "undici-types": ">=7.24.0 <7.24.7" } }, "sha512-603BddQMv3pUcr4U2dhujk83N2tTDVr/34wII2B6bJy6g+8WD6yUb11jszNs0gdi4PesVWl7ABt8nYMVpnLUcg=="],

    "@types/react": ["@types/react@19.2.17", "", { "dependencies": { "csstype": "^3.2.2" } }, "sha512-MXfmqaVPEVgkBT/aY0aGCkRWWtByiYQXo3xdQ8r5RzuFrPiRn8Gar2tQdXSUQ2GKV3bkXckek89V8wQBY2Q/Aw=="],

    "bun-types": ["bun-types@1.3.14", "", { "dependencies": { "@types/node": "*" } }, "sha512-4N0ig0fEomHt5R0KCFWjovxow98rIoRwKolrYdCcknNwMekCXRnWEUvgu5soYV8QXtVsrUD8B95MBOZGPvr6KQ=="],

    "csstype": ["csstype@3.2.3", "", {}, "sha512-z1HGKcYy2xA8AGQfwrn0PAy+PB7X/GSj3UVJW9qKyn43xWa+gl5nXmU4qqLMRzWVLFC8KusUX8T/0kCiOYpAIQ=="],

    "react": ["react@19.2.7", "", {}, "sha512-HNe9WslTbXmFK8o8cmwgAeJFSBvt1bPdHCVKtaaV+WlAN36mpT4hcRpwbf3fY56ar2oIXzsBpOAiIRHAdY0OlQ=="],

    "takumi-js": ["takumi-js@1.8.6", "", { "dependencies": { "@takumi-rs/core": "1.8.6", "@takumi-rs/helpers": "1.8.6", "@takumi-rs/wasm": "1.8.6" } }, "sha512-BTNyHHDmlKsr+oHNOXvjp77tg66t3KvEvobaaSLXi1PRc/LgUb3QkAjZEocDkmZpVWA9oahv7KjbPEGR5szmiQ=="],

    "undici-types": ["undici-types@7.24.6", "", {}, "sha512-WRNW+sJgj5OBN4/0JpHFqtqzhpbnV0GuB+OozA9gCL7a993SmU+1JBZCzLNxYsbMfIeDL+lTsphD5jN5N+n0zg=="],
  }
}
